
Microsoft Visual Studio Solution File, Format Version 12.00
# Visual Studio 15
VisualStudioVersion = 15.0.28307.421
MinimumVisualStudioVersion = 10.0.40219.1
Project("{888888A0-9F3D-457C-B088-3A5042F75D52}") = "BasicProject", "BasicProject\BasicProject.pyproj", "{FE7E3B35-4CE5-4D38-A3D3-A872B7169C5F}"
EndProject
Global
	GlobalSection(SolutionConfigurationPlatforms) = preSolution
		Debug|Any CPU = Debug|Any CPU
		Release|Any CPU = Release|Any CPU
	EndGlobalSection
	GlobalSection(ProjectConfigurationPlatforms) = postSolution
		{FE7E3B35-4CE5-4D38-A3D3-A872B7169C5F}.Debug|Any CPU.ActiveCfg = Debug|Any CPU
		{FE7E3B35-4CE5-4D38-A3D3-A872B7169C5F}.Debug|Any CPU.Build.0 = Debug|Any CPU
		{FE7E3B35-4CE5-4D38-A3D3-A872B7169C5F}.Release|Any CPU.ActiveCfg = Release|Any CPU
		{FE7E3B35-4CE5-4D38-A3D3-A872B7169C5F}.Release|Any CPU.Build.0 = Release|Any CPU
	EndGlobalSection
	GlobalSection(SolutionProperties) = preSolution
		HideSolutionNode = FALSE
	EndGlobalSection
	GlobalSection(ExtensibilityGlobals) = postSolution
		SolutionGuid = {C264E80F-4030-4804-8AC0-844F376B4954}
	EndGlobalSection
EndGlobal
